// !$*UTF8*$!
{
	archiveVersion = 1;
	classes = {
	};
	objectVersion = 55;
	objects = {

/* Begin PBXBuildFile section */
		A240328727CCB93B00F4088B /* AppDelegate.swift in Sources */ = {isa = PBXBuildFile; fileRef = A240328627CCB93B00F4088B /* AppDelegate.swift */; };
		A240328927CCB93B00F4088B /* SceneDelegate.swift in Sources */ = {isa = PBXBuildFile; fileRef = A240328827CCB93B00F4088B /* SceneDelegate.swift */; };
		A240328B27CCB93B00F4088B /* ViewController.swift in Sources */ = {isa = PBXBuildFile; fileRef = A240328A27CCB93B00F4088B /* ViewController.swift */; };
		A240328E27CCB93B00F4088B /* Main.storyboard in Resources */ = {isa = PBXBuildFile; fileRef = A240328C27CCB93B00F4088B /* Main.storyboard */; };
		A240329027CCB93D00F4088B /* Assets.xcassets in Resources */ = {isa = PBXBuildFile; fileRef = A240328F27CCB93D00F4088B /* Assets.xcassets */; };
		A240329327CCB93D00F4088B /* LaunchScreen.storyboard in Resources */ = {isa = PBXBuildFile; fileRef = A240329127CCB93D00F4088B /* LaunchScreen.storyboard */; };
		A240329E27CCDD1F00F4088B /* CalculateAdditionModel.swift in Sources */ = {isa = PBXBuildFile; fileRef = A240329D27CCDD1F00F4088B /* CalculateAdditionModel.swift */; };
/* End PBXBuildFile section */

/* Begin PBXFileReference section */
		A240328327CCB93B00F4088B /* NekokichiKadai3.app */ = {isa = PBXFileReference; explicitFileType = wrapper.application; includeInIndex = 0; path = NekokichiKadai3.app; sourceTree = BUILT_PRODUCTS_DIR; };
		A240328627CCB93B00F4088B /* AppDelegate.swift */ = {isa = PBXFileReference; lastKnownFileType = sourcecode.swift; path = AppDelegate.swift; sourceTree = "<group>"; };
		A240328827CCB93B00F4088B /* SceneDelegate.swift */ = {isa = PBXFileReference; lastKnownFileType = sourcecode.swift; path = SceneDelegate.swift; sourceTree = "<group>"; };
		A240328A27CCB93B00F4088B /* ViewController.swift */ = {isa = PBXFileReference; lastKnownFileType = sourcecode.swift; path = ViewController.swift; sourceTree = "<group>"; };
		A240328D27CCB93B00F4088B /* Base */ = {isa = PBXFileReference; lastKnownFileType = file.storyboard; name = Base; path = Base.lproj/Main.storyboard; sourceTree = "<group>"; };
		A240328F27CCB93D00F4088B /* Assets.xcassets */ = {isa = PBXFileReference; lastKnownFileType = folder.assetcatalog; path = Assets.xcassets; sourceTree = "<group>"; };
		A240329227CCB93D00F4088B /* Base */ = {isa = PBXFileReference; lastKnownFileType = file.storyboard; name = Base; path = Base.lproj/LaunchScreen.storyboard; sourceTree = "<group>"; };
		A240329427CCB93D00F4088B /* Info.plist */ = {isa = PBXFileReference; lastKnownFileType = text.plist.xml; path = Info.plist; sourceTree = "<group>"; };
		A240329D27CCDD1F00F4088B /* CalculateAdditionModel.swift */ = {isa = PBXFileReference; lastKnownFileType = sourcecode.swift; path = CalculateAdditionModel.swift; sourceTree = "<group>"; };
/* End PBXFileReference section */

/* Begin PBXFrameworksBuildPhase section */
		A240328027CCB93B00F4088B /* Frameworks */ = {
			isa = PBXFrameworksBuildPhase;
			buildActionMask = 2147483647;
			files = (
			);
			runOnlyForDeploymentPostprocessing = 0;
		};
/* End PBXFrameworksBuildPhase section */

/* Begin PBXGroup section */
		A240327A27CCB93B00F4088B = {
			isa = PBXGroup;
			children = (
				A240328527CCB93B00F4088B /* NekokichiKadai3 */,
				A240328427CCB93B00F4088B /* Products */,
			);
			sourceTree = "<group>";
		};
		A240328427CCB93B00F4088B /* Products */ = {
			isa = PBXGroup;
			children = (
				A240328327CCB93B00F4088B /* NekokichiKadai3.app */,
			);
			name = Products;
			sourceTree = "<group>";
		};
		A240328527CCB93B00F4088B /* NekokichiKadai3 */ = {
			isa = PBXGroup;
			children = (
				A240329A27CCB95E00F4088B /* Model */,
				A240329B27CCB96300F4088B /* View */,
				A240329C27CCB96600F4088B /* Controller */,
				A240328627CCB93B00F4088B /* AppDelegate.swift */,
				A240328827CCB93B00F4088B /* SceneDelegate.swift */,
				A240328F27CCB93D00F4088B /* Assets.xcassets */,
				A240329127CCB93D00F4088B /* LaunchScreen.storyboard */,
				A240329427CCB93D00F4088B /* Info.plist */,
			);
			path = NekokichiKadai3;
			sourceTree = "<group>";
		};
		A240329A27CCB95E00F4088B /* Model */ = {
			isa = PBXGroup;
			children = (
				A240329D27CCDD1F00F4088B /* CalculateAdditionModel.swift */,
			);
			path = Model;
			sourceTree = "<group>";
		};
		A240329B27CCB96300F4088B /* View */ = {
			isa = PBXGroup;
			children = (
				A240328C27CCB93B00F4088B /* Main.storyboard */,
			);
			path = View;
			sourceTree = "<group>";
		};
		A240329C27CCB96600F4088B /* Controller */ = {
			isa = PBXGroup;
			children = (
				A240328A27CCB93B00F4088B /* ViewController.swift */,
			);
			path = Controller;
			sourceTree = "<group>";
		};
/* End PBXGroup section */

/* Begin PBXNativeTarget section */
		A240328227CCB93B00F4088B /* NekokichiKadai3 */ = {
			isa = PBXNativeTarget;
			buildConfigurationList = A240329727CCB93D00F4088B /* Build configuration list for PBXNativeTarget "NekokichiKadai3" */;
			buildPhases = (
				A240327F27CCB93B00F4088B /* Sources */,
				A240328027CCB93B00F4088B /* Frameworks */,
				A240328127CCB93B00F4088B /* Resources */,
			);
			buildRules = (
			);
			dependencies = (
			);
			name = NekokichiKadai3;
			productName = NekokichiKadai3;
			productReference = A240328327CCB93B00F4088B /* NekokichiKadai3.app */;
			productType = "com.apple.product-type.application";
		};
/* End PBXNativeTarget section */

/* Begin PBXProject section */
		A240327B27CCB93B00F4088B /* Project object */ = {
			isa = PBXProject;
			attributes = {
				BuildIndependentTargetsInParallel = 1;
				LastSwiftUpdateCheck = 1320;
				LastUpgradeCheck = 1320;
				TargetAttributes = {
					A240328227CCB93B00F4088B = {
						CreatedOnToolsVersion = 13.2.1;
					};
				};
			};
			buildConfigurationList = A240327E27CCB93B00F4088B /* Build configuration list for PBXProject "NekokichiKadai3" */;
			compatibilityVersion = "Xcode 13.0";
			developmentRegion = en;
			hasScannedForEncodings = 0;
			knownRegions = (
				en,
				Base,
			);
			mainGroup = A240327A27CCB93B00F4088B;
			productRefGroup = A240328427CCB93B00F4088B /* Products */;
			projectDirPath = "";
			projectRoot = "";
			targets = (
				A240328227CCB93B00F4088B /* NekokichiKadai3 */,
			);
		};
/* End PBXProject section */

/* Begin PBXResourcesBuildPhase section */
		A240328127CCB93B00F4088B /* Resources */ = {
			isa = PBXResourcesBuildPhase;
			buildActionMask = 2147483647;
			files = (
				A240329327CCB93D00F4088B /* LaunchScreen.storyboard in Resources */,
				A240329027CCB93D00F4088B /* Assets.xcassets in Resources */,
				A240328E27CCB93B00F4088B /* Main.storyboard in Resources */,
			);
			runOnlyForDeploymentPostprocessing = 0;
		};
/* End PBXResourcesBuildPhase section */

/* Begin PBXSourcesBuildPhase section */
		A240327F27CCB93B00F4088B /* Sources */ = {
			isa = PBXSourcesBuildPhase;
			buildActionMask = 2147483647;
			files = (
				A240328B27CCB93B00F4088B /* ViewController.swift in Sources */,
				A240328727CCB93B00F4088B /* AppDelegate.swift in Sources */,
				A240329E27CCDD1F00F4088B /* CalculateAdditionModel.swift in Sources */,
				A240328927CCB93B00F4088B /* SceneDelegate.swift in Sources */,
			);
			runOnlyForDeploymentPostprocessing = 0;
		};
/* End PBXSourcesBuildPhase section */

/* Begin PBXVariantGroup section */
		A240328C27CCB93B00F4088B /* Main.storyboard */ = {
			isa = PBXVariantGroup;
			children = (
				A240328D27CCB93B00F4088B /* Base */,
			);
			name = Main.storyboard;
			sourceTree = "<group>";
		};
		A240329127CCB93D00F4088B /* LaunchScreen.storyboard */ = {
			isa = PBXVariantGroup;
			children = (
				A240329227CCB93D00F4088B /* Base */,
			);
			name = LaunchScreen.storyboard;
			sourceTree = "<group>";
		};
/* End PBXVariantGroup section */

/* Begin XCBuildConfiguration section */
		A240329527CCB93D00F4088B /* Debug */ = {
			isa = XCBuildConfiguration;
			buildSettings = {
				ALWAYS_SEARCH_USER_PATHS = NO;
				CLANG_ANALYZER_NONNULL = YES;
				CLANG_ANALYZER_NUMBER_OBJECT_CONVERSION = YES_AGGRESSIVE;
				CLANG_CXX_LANGUAGE_STANDARD = "gnu++17";
				CLANG_CXX_LIBRARY = "libc++";
				CLANG_ENABLE_MODULES = YES;
				CLANG_ENABLE_OBJC_ARC = YES;
				CLANG_ENABLE_OBJC_WEAK = YES;
				CLANG_WARN_BLOCK_CAPTURE_AUTORELEASING = YES;
				CLANG_WARN_BOOL_CONVERSION = YES;
				CLANG_WARN_COMMA = YES;
				CLANG_WARN_CONSTANT_CONVERSION = YES;
				CLANG_WARN_DEPRECATED_OBJC_IMPLEMENTATIONS = YES;
				CLANG_WARN_DIRECT_OBJC_ISA_USAGE = YES_ERROR;
				CLANG_WARN_DOCUMENTATION_COMMENTS = YES;
				CLANG_WARN_EMPTY_BODY = YES;
				CLANG_WARN_ENUM_CONVERSION = YES;
				CLANG_WARN_INFINITE_RECURSION = YES;
				CLANG_WARN_INT_CONVERSION = YES;
				CLANG_WARN_NON_LITERAL_NULL_CONVERSION = YES;
				CLANG_WARN_OBJC_IMPLICIT_RETAIN_SELF = YES;
				CLANG_WARN_OBJC_LITERAL_CONVERSION = YES;
				CLANG_WARN_OBJC_ROOT_CLASS = YES_ERROR;
				CLANG_WARN_QUOTED_INCLUDE_IN_FRAMEWORK_HEADER = YES;
				CLANG_WARN_RANGE_LOOP_ANALYSIS = YES;
				CLANG_WARN_STRICT_PROTOTYPES = YES;
				CLANG_WARN_SUSPICIOUS_MOVE = YES;
				CLANG_WARN_UNGUARDED_AVAILABILITY = YES_AGGRESSIVE;
				CLANG_WARN_UNREACHABLE_CODE = YES;
				CLANG_WARN__DUPLICATE_METHOD_MATCH = YES;
				COPY_PHASE_STRIP = NO;
				DEBUG_INFORMATION_FORMAT = dwarf;
				ENABLE_STRICT_OBJC_MSGSEND = YES;
				ENABLE_TESTABILITY = YES;
				GCC_C_LANGUAGE_STANDARD = gnu11;
				GCC_DYNAMIC_NO_PIC = NO;
				GCC_NO_COMMON_BLOCKS = YES;
				GCC_OPTIMIZATION_LEVEL = 0;
				GCC_PREPROCESSOR_DEFINITIONS = (
					"DEBUG=1",
					"$(inherited)",
				);
				GCC_WARN_64_TO_32_BIT_CONVERSION = YES;
				GCC_WARN_ABOUT_RETURN_TYPE = YES_ERROR;
				GCC_WARN_UNDECLARED_SELECTOR = YES;
				GCC_WARN_UNINITIALIZED_AUTOS = YES_AGGRESSIVE;
				GCC_WARN_UNUSED_FUNCTION = YES;
				GCC_WARN_UNUSED_VARIABLE = YES;
				IPHONEOS_DEPLOYMENT_TARGET = 15.2;
				MTL_ENABLE_DEBUG_INFO = INCLUDE_SOURCE;
				MTL_FAST_MATH = YES;
				ONLY_ACTIVE_ARCH = YES;
				SDKROOT = iphoneos;
				SWIFT_ACTIVE_COMPILATION_CONDITIONS = DEBUG;
				SWIFT_OPTIMIZATION_LEVEL = "-Onone";
			};
			name = Debug;
		};
		A240329627CCB93D00F4088B /* Release */ = {
			isa = XCBuildConfiguration;
			buildSettings = {
				ALWAYS_SEARCH_USER_PATHS = NO;
				CLANG_ANALYZER_NONNULL = YES;
				CLANG_ANALYZER_NUMBER_OBJECT_CONVERSION = YES_AGGRESSIVE;
				CLANG_CXX_LANGUAGE_STANDARD = "gnu++17";
				CLANG_CXX_LIBRARY = "libc++";
				CLANG_ENABLE_MODULES = YES;
				CLANG_ENABLE_OBJC_ARC = YES;
				CLANG_ENABLE_OBJC_WEAK = YES;
				CLANG_WARN_BLOCK_CAPTURE_AUTORELEASING = YES;
				CLANG_WARN_BOOL_CONVERSION = YES;
				CLANG_WARN_COMMA = YES;
				CLANG_WARN_CONSTANT_CONVERSION = YES;
				CLANG_WARN_DEPRECATED_OBJC_IMPLEMENTATIONS = YES;
				CLANG_WARN_DIRECT_OBJC_ISA_USAGE = YES_ERROR;
				CLANG_WARN_DOCUMENTATION_COMMENTS = YES;
				CLANG_WARN_EMPTY_BODY = YES;
				CLANG_WARN_ENUM_CONVERSION = YES;
				CLANG_WARN_INFINITE_RECURSION = YES;
				CLANG_WARN_INT_CONVERSION = YES;
				CLANG_WARN_NON_LITERAL_NULL_CONVERSION = YES;
				CLANG_WARN_OBJC_IMPLICIT_RETAIN_SELF = YES;
				CLANG_WARN_OBJC_LITERAL_CONVERSION = YES;
				CLANG_WARN_OBJC_ROOT_CLASS = YES_ERROR;
				CLANG_WARN_QUOTED_INCLUDE_IN_FRAMEWORK_HEADER = YES;
				CLANG_WARN_RANGE_LOOP_ANALYSIS = YES;
				CLANG_WARN_STRICT_PROTOTYPES = YES;
				CLANG_WARN_SUSPICIOUS_MOVE = YES;
				CLANG_WARN_UNGUARDED_AVAILABILITY = YES_AGGRESSIVE;
				CLANG_WARN_UNREACHABLE_CODE = YES;
				CLANG_WARN__DUPLICATE_METHOD_MATCH = YES;
				COPY_PHASE_STRIP = NO;
				DEBUG_INFORMATION_FORMAT = "dwarf-with-dsym";
				ENABLE_NS_ASSERTIONS = NO;
				ENABLE_STRICT_OBJC_MSGSEND = YES;
				GCC_C_LANGUAGE_STANDARD = gnu11;
				GCC_NO_COMMON_BLOCKS = YES;
				GCC_WARN_64_TO_32_BIT_CONVERSION = YES;
				GCC_WARN_ABOUT_RETURN_TYPE = YES_ERROR;
				GCC_WARN_UNDECLARED_SELECTOR = YES;
				GCC_WARN_UNINITIALIZED_AUTOS = YES_AGGRESSIVE;
				GCC_WARN_UNUSED_FUNCTION = YES;
				GCC_WARN_UNUSED_VARIABLE = YES;
				IPHONEOS_DEPLOYMENT_TARGET = 15.2;
				MTL_ENABLE_DEBUG_INFO = NO;
				MTL_FAST_MATH = YES;
				SDKROOT = iphoneos;
				SWIFT_COMPILATION_MODE = wholemodule;
				SWIFT_OPTIMIZATION_LEVEL = "-O";
				VALIDATE_PRODUCT = YES;
			};
			name = Release;
		};
		A240329827CCB93D00F4088B /* Debug */ = {
			isa = XCBuildConfiguration;
			buildSettings = {
				ASSETCATALOG_COMPILER_APPICON_NAME = AppIcon;
				ASSETCATALOG_COMPILER_GLOBAL_ACCENT_COLOR_NAME = AccentColor;
				CODE_SIGN_STYLE = Automatic;
				CURRENT_PROJECT_VERSION = 1;
				DEVELOPMENT_TEAM = B7VAC4V7M7;
				GENERATE_INFOPLIST_FILE = YES;
				INFOPLIST_FILE = NekokichiKadai3/Info.plist;
				INFOPLIST_KEY_UIApplicationSupportsIndirectInputEvents = YES;
				INFOPLIST_KEY_UILaunchStoryboardName = LaunchScreen;
				INFOPLIST_KEY_UIMainStoryboardFile = Main;
				INFOPLIST_KEY_UISupportedInterfaceOrientations_iPad = "UIInterfaceOrientationPortrait UIInterfaceOrientationPortraitUpsideDown UIInterfaceOrientationLandscapeLeft UIInterfaceOrientationLandscapeRight";
				INFOPLIST_KEY_UISupportedInterfaceOrientations_iPhone = "UIInterfaceOrientationPortrait UIInterfaceOrientationLandscapeLeft UIInterfaceOrientationLandscapeRight";
				LD_RUNPATH_SEARCH_PATHS = (
					"$(inherited)",
					"@executable_path/Frameworks",
				);
				MARKETING_VERSION = 1.0;
				PRODUCT_BUNDLE_IDENTIFIER = nekokichi.NekokichiKadai3;
				PRODUCT_NAME = "$(TARGET_NAME)";
				SWIFT_EMIT_LOC_STRINGS = YES;
				SWIFT_VERSION = 5.0;
				TARGETED_DEVICE_FAMILY = "1,2";
			};
			name = Debug;
		};
		A240329927CCB93D00F4088B /* Release */ = {
			isa = XCBuildConfiguration;
			buildSettings = {
				ASSETCATALOG_COMPILER_APPICON_NAME = AppIcon;
				ASSETCATALOG_COMPILER_GLOBAL_ACCENT_COLOR_NAME = AccentColor;
				CODE_SIGN_STYLE = Automatic;
				CURRENT_PROJECT_VERSION = 1;
				DEVELOPMENT_TEAM = B7VAC4V7M7;
				GENERATE_INFOPLIST_FILE = YES;
				INFOPLIST_FILE = NekokichiKadai3/Info.plist;
				INFOPLIST_KEY_UIApplicationSupportsIndirectInputEvents = YES;
				INFOPLIST_KEY_UILaunchStoryboardName = LaunchScreen;
				INFOPLIST_KEY_UIMainStoryboardFile = Main;
				INFOPLIST_KEY_UISupportedInterfaceOrientations_iPad = "UIInterfaceOrientationPortrait UIInterfaceOrientationPortraitUpsideDown UIInterfaceOrientationLandscapeLeft UIInterfaceOrientationLandscapeRight";
				INFOPLIST_KEY_UISupportedInterfaceOrientations_iPhone = "UIInterfaceOrientationPortrait UIInterfaceOrientationLandscapeLeft UIInterfaceOrientationLandscapeRight";
				LD_RUNPATH_SEARCH_PATHS = (
					"$(inherited)",
					"@executable_path/Frameworks",
				);
				MARKETING_VERSION = 1.0;
				PRODUCT_BUNDLE_IDENTIFIER = nekokichi.NekokichiKadai3;
				PRODUCT_NAME = "$(TARGET_NAME)";
				SWIFT_EMIT_LOC_STRINGS = YES;
				SWIFT_VERSION = 5.0;
				TARGETED_DEVICE_FAMILY = "1,2";
			};
			name = Release;
		};
/* End XCBuildConfiguration section */

/* Begin XCConfigurationList section */
		A240327E27CCB93B00F4088B /* Build configuration list for PBXProject "NekokichiKadai3" */ = {
			isa = XCConfigurationList;
			buildConfigurations = (
				A240329527CCB93D00F4088B /* Debug */,
				A240329627CCB93D00F4088B /* Release */,
			);
			defaultConfigurationIsVisible = 0;
			defaultConfigurationName = Release;
		};
		A240329727CCB93D00F4088B /* Build configuration list for PBXNativeTarget "NekokichiKadai3" */ = {
			isa = XCConfigurationList;
			buildConfigurations = (
				A240329827CCB93D00F4088B /* Debug */,
				A240329927CCB93D00F4088B /* Release */,
			);
			defaultConfigurationIsVisible = 0;
			defaultConfigurationName = Release;
		};
/* End XCConfigurationList section */
	};
	rootObject = A240327B27CCB93B00F4088B /* Project object */;
}
